
Microsoft Visual Studio Solution File, Format Version 12.00
# Visual Studio 15
VisualStudioVersion = 15.0.28307.136
MinimumVisualStudioVersion = 10.0.40219.1
Project("{FAE04EC0-301F-11D3-BF4B-00C04F79EFBC}") = "Minesweeper", "Minesweeper\Minesweeper.csproj", "{29DFEB44-B8F7-4174-A050-66A21B2C956C}"
EndProject
Global
	GlobalSection(SolutionConfigurationPlatforms) = preSolution
		Debug|Any CPU = Debug|Any CPU
		Release|Any CPU = Release|Any CPU
	EndGlobalSection
	GlobalSection(ProjectConfigurationPlatforms) = postSolution
		{29DFEB44-B8F7-4174-A050-66A21B2C956C}.Debug|Any CPU.ActiveCfg = Debug|Any CPU
		{29DFEB44-B8F7-4174-A050-66A21B2C956C}.Debug|Any CPU.Build.0 = Debug|Any CPU
		{29DFEB44-B8F7-4174-A050-66A21B2C956C}.Release|Any CPU.ActiveCfg = Release|Any CPU
		{29DFEB44-B8F7-4174-A050-66A21B2C956C}.Release|Any CPU.Build.0 = Release|Any CPU
	EndGlobalSection
	GlobalSection(SolutionProperties) = preSolution
		HideSolutionNode = FALSE
	EndGlobalSection
	GlobalSection(ExtensibilityGlobals) = postSolution
		SolutionGuid = {EA0610B9-EB8A-486B-9F00-C8667F38C1F8}
	EndGlobalSection
EndGlobal
